
Microsoft Visual Studio Solution File, Format Version 12.00
# Visual Studio Version 17
VisualStudioVersion = 17.0.32014.148
MinimumVisualStudioVersion = 10.0.40219.1
Project("{FAE04EC0-301F-11D3-BF4B-00C04F79EFBC}") = "AlternateMethods", "AlternateMethods\AlternateMethods.csproj", "{21E95217-18D8-49AA-87C6-CF42B20392A8}"
EndProject
Global
	GlobalSection(SolutionConfigurationPlatforms) = preSolution
		Debug|Any CPU = Debug|Any CPU
		Release|Any CPU = Release|Any CPU
	EndGlobalSection
	GlobalSection(ProjectConfigurationPlatforms) = postSolution
		{21E95217-18D8-49AA-87C6-CF42B20392A8}.Debug|Any CPU.ActiveCfg = Debug|Any CPU
		{21E95217-18D8-49AA-87C6-CF42B20392A8}.Debug|Any CPU.Build.0 = Debug|Any CPU
		{21E95217-18D8-49AA-87C6-CF42B20392A8}.Release|Any CPU.ActiveCfg = Release|Any CPU
		{21E95217-18D8-49AA-87C6-CF42B20392A8}.Release|Any CPU.Build.0 = Release|Any CPU
	EndGlobalSection
	GlobalSection(SolutionProperties) = preSolution
		HideSolutionNode = FALSE
	EndGlobalSection
	GlobalSection(ExtensibilityGlobals) = postSolution
		SolutionGuid = {78F34297-FA99-433C-9A7A-1FD0CA7998D1}
	EndGlobalSection
EndGlobal
