
Microsoft Visual Studio Solution File, Format Version 12.00
# Visual Studio Version 17
VisualStudioVersion = 17.0.32014.148
MinimumVisualStudioVersion = 10.0.40219.1
Project("{FAE04EC0-301F-11D3-BF4B-00C04F79EFBC}") = "MVCLecture", "MVCLecture\MVCLecture.csproj", "{91AD31AA-7F41-4513-8821-B7841CD499B9}"
EndProject
Global
	GlobalSection(SolutionConfigurationPlatforms) = preSolution
		Debug|Any CPU = Debug|Any CPU
		Release|Any CPU = Release|Any CPU
	EndGlobalSection
	GlobalSection(ProjectConfigurationPlatforms) = postSolution
		{91AD31AA-7F41-4513-8821-B7841CD499B9}.Debug|Any CPU.ActiveCfg = Debug|Any CPU
		{91AD31AA-7F41-4513-8821-B7841CD499B9}.Debug|Any CPU.Build.0 = Debug|Any CPU
		{91AD31AA-7F41-4513-8821-B7841CD499B9}.Release|Any CPU.ActiveCfg = Release|Any CPU
		{91AD31AA-7F41-4513-8821-B7841CD499B9}.Release|Any CPU.Build.0 = Release|Any CPU
	EndGlobalSection
	GlobalSection(SolutionProperties) = preSolution
		HideSolutionNode = FALSE
	EndGlobalSection
	GlobalSection(ExtensibilityGlobals) = postSolution
		SolutionGuid = {23003744-85B0-42F1-BEB9-DDD833AF8F4A}
	EndGlobalSection
EndGlobal
