
Microsoft Visual Studio Solution File, Format Version 12.00
# Visual Studio Version 17
VisualStudioVersion = 17.0.32014.148
MinimumVisualStudioVersion = 10.0.40219.1
Project("{FAE04EC0-301F-11D3-BF4B-00C04F79EFBC}") = "MovieDatabase", "MovieDatabase\MovieDatabase.csproj", "{E31150B8-C97C-48D0-9B8C-CCDFE51F75EB}"
EndProject
Global
	GlobalSection(SolutionConfigurationPlatforms) = preSolution
		Debug|Any CPU = Debug|Any CPU
		Release|Any CPU = Release|Any CPU
	EndGlobalSection
	GlobalSection(ProjectConfigurationPlatforms) = postSolution
		{E31150B8-C97C-48D0-9B8C-CCDFE51F75EB}.Debug|Any CPU.ActiveCfg = Debug|Any CPU
		{E31150B8-C97C-48D0-9B8C-CCDFE51F75EB}.Debug|Any CPU.Build.0 = Debug|Any CPU
		{E31150B8-C97C-48D0-9B8C-CCDFE51F75EB}.Release|Any CPU.ActiveCfg = Release|Any CPU
		{E31150B8-C97C-48D0-9B8C-CCDFE51F75EB}.Release|Any CPU.Build.0 = Release|Any CPU
	EndGlobalSection
	GlobalSection(SolutionProperties) = preSolution
		HideSolutionNode = FALSE
	EndGlobalSection
	GlobalSection(ExtensibilityGlobals) = postSolution
		SolutionGuid = {267D81AC-7F48-49D3-AB45-FD7C3C219811}
	EndGlobalSection
EndGlobal
