
Microsoft Visual Studio Solution File, Format Version 12.00
# Visual Studio Version 17
VisualStudioVersion = 17.0.32014.148
MinimumVisualStudioVersion = 10.0.40219.1
Project("{FAE04EC0-301F-11D3-BF4B-00C04F79EFBC}") = "CoffeeShopProducts", "CoffeeShopProducts\CoffeeShopProducts.csproj", "{270C8905-995D-413A-8825-F46F4DFFBB7C}"
EndProject
Global
	GlobalSection(SolutionConfigurationPlatforms) = preSolution
		Debug|Any CPU = Debug|Any CPU
		Release|Any CPU = Release|Any CPU
	EndGlobalSection
	GlobalSection(ProjectConfigurationPlatforms) = postSolution
		{270C8905-995D-413A-8825-F46F4DFFBB7C}.Debug|Any CPU.ActiveCfg = Debug|Any CPU
		{270C8905-995D-413A-8825-F46F4DFFBB7C}.Debug|Any CPU.Build.0 = Debug|Any CPU
		{270C8905-995D-413A-8825-F46F4DFFBB7C}.Release|Any CPU.ActiveCfg = Release|Any CPU
		{270C8905-995D-413A-8825-F46F4DFFBB7C}.Release|Any CPU.Build.0 = Release|Any CPU
	EndGlobalSection
	GlobalSection(SolutionProperties) = preSolution
		HideSolutionNode = FALSE
	EndGlobalSection
	GlobalSection(ExtensibilityGlobals) = postSolution
		SolutionGuid = {F524C4EE-914B-4599-A9E4-1E741C82F474}
	EndGlobalSection
EndGlobal
