
Microsoft Visual Studio Solution File, Format Version 12.00
# Visual Studio Version 17
VisualStudioVersion = 17.0.32014.148
MinimumVisualStudioVersion = 10.0.40219.1
Project("{FAE04EC0-301F-11D3-BF4B-00C04F79EFBC}") = "Student Database", "Student Database\Student Database.csproj", "{944CF2FE-8D10-4E7A-96DC-80D6081942B1}"
EndProject
Global
	GlobalSection(SolutionConfigurationPlatforms) = preSolution
		Debug|Any CPU = Debug|Any CPU
		Release|Any CPU = Release|Any CPU
	EndGlobalSection
	GlobalSection(ProjectConfigurationPlatforms) = postSolution
		{944CF2FE-8D10-4E7A-96DC-80D6081942B1}.Debug|Any CPU.ActiveCfg = Debug|Any CPU
		{944CF2FE-8D10-4E7A-96DC-80D6081942B1}.Debug|Any CPU.Build.0 = Debug|Any CPU
		{944CF2FE-8D10-4E7A-96DC-80D6081942B1}.Release|Any CPU.ActiveCfg = Release|Any CPU
		{944CF2FE-8D10-4E7A-96DC-80D6081942B1}.Release|Any CPU.Build.0 = Release|Any CPU
	EndGlobalSection
	GlobalSection(SolutionProperties) = preSolution
		HideSolutionNode = FALSE
	EndGlobalSection
	GlobalSection(ExtensibilityGlobals) = postSolution
		SolutionGuid = {91A6FF6F-8C4D-46FA-8249-6B980432B2A2}
	EndGlobalSection
EndGlobal
