
Microsoft Visual Studio Solution File, Format Version 12.00
# Visual Studio Version 17
VisualStudioVersion = 17.0.32014.148
MinimumVisualStudioVersion = 10.0.40219.1
Project("{FAE04EC0-301F-11D3-BF4B-00C04F79EFBC}") = "CollectionsLecture", "CollectionsLecture\CollectionsLecture.csproj", "{6768067F-4C50-4BCD-BB63-E3BCC59DAEB0}"
EndProject
Global
	GlobalSection(SolutionConfigurationPlatforms) = preSolution
		Debug|Any CPU = Debug|Any CPU
		Release|Any CPU = Release|Any CPU
	EndGlobalSection
	GlobalSection(ProjectConfigurationPlatforms) = postSolution
		{6768067F-4C50-4BCD-BB63-E3BCC59DAEB0}.Debug|Any CPU.ActiveCfg = Debug|Any CPU
		{6768067F-4C50-4BCD-BB63-E3BCC59DAEB0}.Debug|Any CPU.Build.0 = Debug|Any CPU
		{6768067F-4C50-4BCD-BB63-E3BCC59DAEB0}.Release|Any CPU.ActiveCfg = Release|Any CPU
		{6768067F-4C50-4BCD-BB63-E3BCC59DAEB0}.Release|Any CPU.Build.0 = Release|Any CPU
	EndGlobalSection
	GlobalSection(SolutionProperties) = preSolution
		HideSolutionNode = FALSE
	EndGlobalSection
	GlobalSection(ExtensibilityGlobals) = postSolution
		SolutionGuid = {44281DB7-5205-4E01-877B-01816AEDAA22}
	EndGlobalSection
EndGlobal
