
Microsoft Visual Studio Solution File, Format Version 12.00
# Visual Studio Version 17
VisualStudioVersion = 17.0.32014.148
MinimumVisualStudioVersion = 10.0.40219.1
Project("{FAE04EC0-301F-11D3-BF4B-00C04F79EFBC}") = "OMDB", "OMDB\OMDB.csproj", "{A328659C-9F4C-494B-BAF9-5927EC7C0CE5}"
EndProject
Global
	GlobalSection(SolutionConfigurationPlatforms) = preSolution
		Debug|Any CPU = Debug|Any CPU
		Release|Any CPU = Release|Any CPU
	EndGlobalSection
	GlobalSection(ProjectConfigurationPlatforms) = postSolution
		{A328659C-9F4C-494B-BAF9-5927EC7C0CE5}.Debug|Any CPU.ActiveCfg = Debug|Any CPU
		{A328659C-9F4C-494B-BAF9-5927EC7C0CE5}.Debug|Any CPU.Build.0 = Debug|Any CPU
		{A328659C-9F4C-494B-BAF9-5927EC7C0CE5}.Release|Any CPU.ActiveCfg = Release|Any CPU
		{A328659C-9F4C-494B-BAF9-5927EC7C0CE5}.Release|Any CPU.Build.0 = Release|Any CPU
	EndGlobalSection
	GlobalSection(SolutionProperties) = preSolution
		HideSolutionNode = FALSE
	EndGlobalSection
	GlobalSection(ExtensibilityGlobals) = postSolution
		SolutionGuid = {A9DA001A-F14D-4227-8DD6-72E83772683D}
	EndGlobalSection
EndGlobal
