
Microsoft Visual Studio Solution File, Format Version 12.00
# Visual Studio Version 17
VisualStudioVersion = 17.0.32014.148
MinimumVisualStudioVersion = 10.0.40219.1
Project("{FAE04EC0-301F-11D3-BF4B-00C04F79EFBC}") = "Singleton Lecture", "Singleton Lecture\Singleton Lecture.csproj", "{77ED7EC9-54BF-4BC2-83CF-46E8F28D456D}"
EndProject
Global
	GlobalSection(SolutionConfigurationPlatforms) = preSolution
		Debug|Any CPU = Debug|Any CPU
		Release|Any CPU = Release|Any CPU
	EndGlobalSection
	GlobalSection(ProjectConfigurationPlatforms) = postSolution
		{77ED7EC9-54BF-4BC2-83CF-46E8F28D456D}.Debug|Any CPU.ActiveCfg = Debug|Any CPU
		{77ED7EC9-54BF-4BC2-83CF-46E8F28D456D}.Debug|Any CPU.Build.0 = Debug|Any CPU
		{77ED7EC9-54BF-4BC2-83CF-46E8F28D456D}.Release|Any CPU.ActiveCfg = Release|Any CPU
		{77ED7EC9-54BF-4BC2-83CF-46E8F28D456D}.Release|Any CPU.Build.0 = Release|Any CPU
	EndGlobalSection
	GlobalSection(SolutionProperties) = preSolution
		HideSolutionNode = FALSE
	EndGlobalSection
	GlobalSection(ExtensibilityGlobals) = postSolution
		SolutionGuid = {56E168F8-BD1D-44E0-A741-57F36718651C}
	EndGlobalSection
EndGlobal
